// !$*UTF8*$!
{
	archiveVersion = 1;
	classes = {
	};
	objectVersion = 50;
	objects = {

/* Begin PBXBuildFile section */
		56B9E41C23F371440085A56C /* AppDelegate.swift in Sources */ = {isa = PBXBuildFile; fileRef = 56B9E41B23F371440085A56C /* AppDelegate.swift */; };
		56B9E42323F371440085A56C /* Main.storyboard in Resources */ = {isa = PBXBuildFile; fileRef = 56B9E42123F371440085A56C /* Main.storyboard */; };
		56B9E42523F371470085A56C /* Assets.xcassets in Resources */ = {isa = PBXBuildFile; fileRef = 56B9E42423F371470085A56C /* Assets.xcassets */; };
		56B9E42823F371470085A56C /* LaunchScreen.storyboard in Resources */ = {isa = PBXBuildFile; fileRef = 56B9E42623F371470085A56C /* LaunchScreen.storyboard */; };
		56B9E43323F371470085A56C /* collectionViewPOCTests.swift in Sources */ = {isa = PBXBuildFile; fileRef = 56B9E43223F371470085A56C /* collectionViewPOCTests.swift */; };
		56FB44B824315457005BE202 /* EPGViewController.swift in Sources */ = {isa = PBXBuildFile; fileRef = 56FB44B724315457005BE202 /* EPGViewController.swift */; };
		56FB44BD2431549C005BE202 /* REPGCollectionViewCell.swift in Sources */ = {isa = PBXBuildFile; fileRef = 56FB44B92431549C005BE202 /* REPGCollectionViewCell.swift */; };
		56FB44BE2431549C005BE202 /* REPGChannelLogoCell.swift in Sources */ = {isa = PBXBuildFile; fileRef = 56FB44BA2431549C005BE202 /* REPGChannelLogoCell.swift */; };
		56FB44C024315D34005BE202 /* SceneDelegate.swift in Sources */ = {isa = PBXBuildFile; fileRef = 56FB44BF24315D34005BE202 /* SceneDelegate.swift */; };
		56FEE96F23F4B71F007C317A /* REPGCollectionViewLayout.swift in Sources */ = {isa = PBXBuildFile; fileRef = 56FEE96E23F4B71F007C317A /* REPGCollectionViewLayout.swift */; };
/* End PBXBuildFile section */

/* Begin PBXContainerItemProxy section */
		56B9E42F23F371470085A56C /* PBXContainerItemProxy */ = {
			isa = PBXContainerItemProxy;
			containerPortal = 56B9E41023F371440085A56C /* Project object */;
			proxyType = 1;
			remoteGlobalIDString = 56B9E41723F371440085A56C;
			remoteInfo = collectionViewPOC;
		};
/* End PBXContainerItemProxy section */

/* Begin PBXFileReference section */
		56B9E41823F371440085A56C /* collectionViewPOC.app */ = {isa = PBXFileReference; explicitFileType = wrapper.application; includeInIndex = 0; path = collectionViewPOC.app; sourceTree = BUILT_PRODUCTS_DIR; };
		56B9E41B23F371440085A56C /* AppDelegate.swift */ = {isa = PBXFileReference; lastKnownFileType = sourcecode.swift; path = AppDelegate.swift; sourceTree = "<group>"; };
		56B9E42223F371440085A56C /* Base */ = {isa = PBXFileReference; lastKnownFileType = file.storyboard; name = Base; path = Base.lproj/Main.storyboard; sourceTree = "<group>"; };
		56B9E42423F371470085A56C /* Assets.xcassets */ = {isa = PBXFileReference; lastKnownFileType = folder.assetcatalog; path = Assets.xcassets; sourceTree = "<group>"; };
		56B9E42723F371470085A56C /* Base */ = {isa = PBXFileReference; lastKnownFileType = file.storyboard; name = Base; path = Base.lproj/LaunchScreen.storyboard; sourceTree = "<group>"; };
		56B9E42923F371470085A56C /* Info.plist */ = {isa = PBXFileReference; lastKnownFileType = text.plist.xml; path = Info.plist; sourceTree = "<group>"; };
		56B9E42E23F371470085A56C /* collectionViewPOCTests.xctest */ = {isa = PBXFileReference; explicitFileType = wrapper.cfbundle; includeInIndex = 0; path = collectionViewPOCTests.xctest; sourceTree = BUILT_PRODUCTS_DIR; };
		56B9E43223F371470085A56C /* collectionViewPOCTests.swift */ = {isa = PBXFileReference; lastKnownFileType = sourcecode.swift; path = collectionViewPOCTests.swift; sourceTree = "<group>"; };
		56B9E43423F371470085A56C /* Info.plist */ = {isa = PBXFileReference; lastKnownFileType = text.plist.xml; path = Info.plist; sourceTree = "<group>"; };
		56FB44B724315457005BE202 /* EPGViewController.swift */ = {isa = PBXFileReference; fileEncoding = 4; lastKnownFileType = sourcecode.swift; path = EPGViewController.swift; sourceTree = "<group>"; };
		56FB44B92431549C005BE202 /* REPGCollectionViewCell.swift */ = {isa = PBXFileReference; lastKnownFileType = sourcecode.swift; path = REPGCollectionViewCell.swift; sourceTree = "<group>"; };
		56FB44BA2431549C005BE202 /* REPGChannelLogoCell.swift */ = {isa = PBXFileReference; lastKnownFileType = sourcecode.swift; path = REPGChannelLogoCell.swift; sourceTree = "<group>"; };
		56FB44BF24315D34005BE202 /* SceneDelegate.swift */ = {isa = PBXFileReference; fileEncoding = 4; lastKnownFileType = sourcecode.swift; path = SceneDelegate.swift; sourceTree = "<group>"; };
		56FEE96E23F4B71F007C317A /* REPGCollectionViewLayout.swift */ = {isa = PBXFileReference; lastKnownFileType = sourcecode.swift; path = REPGCollectionViewLayout.swift; sourceTree = "<group>"; };
/* End PBXFileReference section */

/* Begin PBXFrameworksBuildPhase section */
		56B9E41523F371440085A56C /* Frameworks */ = {
			isa = PBXFrameworksBuildPhase;
			buildActionMask = 2147483647;
			files = (
			);
			runOnlyForDeploymentPostprocessing = 0;
		};
		56B9E42B23F371470085A56C /* Frameworks */ = {
			isa = PBXFrameworksBuildPhase;
			buildActionMask = 2147483647;
			files = (
			);
			runOnlyForDeploymentPostprocessing = 0;
		};
/* End PBXFrameworksBuildPhase section */

/* Begin PBXGroup section */
		56B9E40F23F371440085A56C = {
			isa = PBXGroup;
			children = (
				56B9E41A23F371440085A56C /* collectionViewPOC */,
				56B9E43123F371470085A56C /* collectionViewPOCTests */,
				56B9E41923F371440085A56C /* Products */,
			);
			sourceTree = "<group>";
		};
		56B9E41923F371440085A56C /* Products */ = {
			isa = PBXGroup;
			children = (
				56B9E41823F371440085A56C /* collectionViewPOC.app */,
				56B9E42E23F371470085A56C /* collectionViewPOCTests.xctest */,
			);
			name = Products;
			sourceTree = "<group>";
		};
		56B9E41A23F371440085A56C /* collectionViewPOC */ = {
			isa = PBXGroup;
			children = (
				56FB44BF24315D34005BE202 /* SceneDelegate.swift */,
				56B9E41B23F371440085A56C /* AppDelegate.swift */,
				56FB44B724315457005BE202 /* EPGViewController.swift */,
				56FB44BA2431549C005BE202 /* REPGChannelLogoCell.swift */,
				56FB44B92431549C005BE202 /* REPGCollectionViewCell.swift */,
				56B9E42123F371440085A56C /* Main.storyboard */,
				56B9E42423F371470085A56C /* Assets.xcassets */,
				56B9E42623F371470085A56C /* LaunchScreen.storyboard */,
				56B9E42923F371470085A56C /* Info.plist */,
				56FEE96E23F4B71F007C317A /* REPGCollectionViewLayout.swift */,
			);
			path = collectionViewPOC;
			sourceTree = "<group>";
		};
		56B9E43123F371470085A56C /* collectionViewPOCTests */ = {
			isa = PBXGroup;
			children = (
				56B9E43223F371470085A56C /* collectionViewPOCTests.swift */,
				56B9E43423F371470085A56C /* Info.plist */,
			);
			path = collectionViewPOCTests;
			sourceTree = "<group>";
		};
/* End PBXGroup section */

/* Begin PBXNativeTarget section */
		56B9E41723F371440085A56C /* collectionViewPOC */ = {
			isa = PBXNativeTarget;
			buildConfigurationList = 56B9E43723F371470085A56C /* Build configuration list for PBXNativeTarget "collectionViewPOC" */;
			buildPhases = (
				56B9E41423F371440085A56C /* Sources */,
				56B9E41523F371440085A56C /* Frameworks */,
				56B9E41623F371440085A56C /* Resources */,
			);
			buildRules = (
			);
			dependencies = (
			);
			name = collectionViewPOC;
			productName = collectionViewPOC;
			productReference = 56B9E41823F371440085A56C /* collectionViewPOC.app */;
			productType = "com.apple.product-type.application";
		};
		56B9E42D23F371470085A56C /* collectionViewPOCTests */ = {
			isa = PBXNativeTarget;
			buildConfigurationList = 56B9E43A23F371470085A56C /* Build configuration list for PBXNativeTarget "collectionViewPOCTests" */;
			buildPhases = (
				56B9E42A23F371470085A56C /* Sources */,
				56B9E42B23F371470085A56C /* Frameworks */,
				56B9E42C23F371470085A56C /* Resources */,
			);
			buildRules = (
			);
			dependencies = (
				56B9E43023F371470085A56C /* PBXTargetDependency */,
			);
			name = collectionViewPOCTests;
			productName = collectionViewPOCTests;
			productReference = 56B9E42E23F371470085A56C /* collectionViewPOCTests.xctest */;
			productType = "com.apple.product-type.bundle.unit-test";
		};
/* End PBXNativeTarget section */

/* Begin PBXProject section */
		56B9E41023F371440085A56C /* Project object */ = {
			isa = PBXProject;
			attributes = {
				LastSwiftUpdateCheck = 1130;
				LastUpgradeCheck = 1130;
				ORGANIZATIONNAME = SKY;
				TargetAttributes = {
					56B9E41723F371440085A56C = {
						CreatedOnToolsVersion = 11.3.1;
					};
					56B9E42D23F371470085A56C = {
						CreatedOnToolsVersion = 11.3.1;
						TestTargetID = 56B9E41723F371440085A56C;
					};
				};
			};
			buildConfigurationList = 56B9E41323F371440085A56C /* Build configuration list for PBXProject "collectionViewPOC" */;
			compatibilityVersion = "Xcode 9.3";
			developmentRegion = en;
			hasScannedForEncodings = 0;
			knownRegions = (
				en,
				Base,
			);
			mainGroup = 56B9E40F23F371440085A56C;
			productRefGroup = 56B9E41923F371440085A56C /* Products */;
			projectDirPath = "";
			projectRoot = "";
			targets = (
				56B9E41723F371440085A56C /* collectionViewPOC */,
				56B9E42D23F371470085A56C /* collectionViewPOCTests */,
			);
		};
/* End PBXProject section */

/* Begin PBXResourcesBuildPhase section */
		56B9E41623F371440085A56C /* Resources */ = {
			isa = PBXResourcesBuildPhase;
			buildActionMask = 2147483647;
			files = (
				56B9E42823F371470085A56C /* LaunchScreen.storyboard in Resources */,
				56B9E42523F371470085A56C /* Assets.xcassets in Resources */,
				56B9E42323F371440085A56C /* Main.storyboard in Resources */,
			);
			runOnlyForDeploymentPostprocessing = 0;
		};
		56B9E42C23F371470085A56C /* Resources */ = {
			isa = PBXResourcesBuildPhase;
			buildActionMask = 2147483647;
			files = (
			);
			runOnlyForDeploymentPostprocessing = 0;
		};
/* End PBXResourcesBuildPhase section */

/* Begin PBXSourcesBuildPhase section */
		56B9E41423F371440085A56C /* Sources */ = {
			isa = PBXSourcesBuildPhase;
			buildActionMask = 2147483647;
			files = (
				56FB44BE2431549C005BE202 /* REPGChannelLogoCell.swift in Sources */,
				56FB44BD2431549C005BE202 /* REPGCollectionViewCell.swift in Sources */,
				56B9E41C23F371440085A56C /* AppDelegate.swift in Sources */,
				56FEE96F23F4B71F007C317A /* REPGCollectionViewLayout.swift in Sources */,
				56FB44B824315457005BE202 /* EPGViewController.swift in Sources */,
				56FB44C024315D34005BE202 /* SceneDelegate.swift in Sources */,
			);
			runOnlyForDeploymentPostprocessing = 0;
		};
		56B9E42A23F371470085A56C /* Sources */ = {
			isa = PBXSourcesBuildPhase;
			buildActionMask = 2147483647;
			files = (
				56B9E43323F371470085A56C /* collectionViewPOCTests.swift in Sources */,
			);
			runOnlyForDeploymentPostprocessing = 0;
		};
/* End PBXSourcesBuildPhase section */

/* Begin PBXTargetDependency section */
		56B9E43023F371470085A56C /* PBXTargetDependency */ = {
			isa = PBXTargetDependency;
			target = 56B9E41723F371440085A56C /* collectionViewPOC */;
			targetProxy = 56B9E42F23F371470085A56C /* PBXContainerItemProxy */;
		};
/* End PBXTargetDependency section */

/* Begin PBXVariantGroup section */
		56B9E42123F371440085A56C /* Main.storyboard */ = {
			isa = PBXVariantGroup;
			children = (
				56B9E42223F371440085A56C /* Base */,
			);
			name = Main.storyboard;
			sourceTree = "<group>";
		};
		56B9E42623F371470085A56C /* LaunchScreen.storyboard */ = {
			isa = PBXVariantGroup;
			children = (
				56B9E42723F371470085A56C /* Base */,
			);
			name = LaunchScreen.storyboard;
			sourceTree = "<group>";
		};
/* End PBXVariantGroup section */

/* Begin XCBuildConfiguration section */
		56B9E43523F371470085A56C /* Debug */ = {
			isa = XCBuildConfiguration;
			buildSettings = {
				ALWAYS_SEARCH_USER_PATHS = NO;
				CLANG_ANALYZER_NONNULL = YES;
				CLANG_ANALYZER_NUMBER_OBJECT_CONVERSION = YES_AGGRESSIVE;
				CLANG_CXX_LANGUAGE_STANDARD = "gnu++14";
				CLANG_CXX_LIBRARY = "libc++";
				CLANG_ENABLE_MODULES = YES;
				CLANG_ENABLE_OBJC_ARC = YES;
				CLANG_ENABLE_OBJC_WEAK = YES;
				CLANG_WARN_BLOCK_CAPTURE_AUTORELEASING = YES;
				CLANG_WARN_BOOL_CONVERSION = YES;
				CLANG_WARN_COMMA = YES;
				CLANG_WARN_CONSTANT_CONVERSION = YES;
				CLANG_WARN_DEPRECATED_OBJC_IMPLEMENTATIONS = YES;
				CLANG_WARN_DIRECT_OBJC_ISA_USAGE = YES_ERROR;
				CLANG_WARN_DOCUMENTATION_COMMENTS = YES;
				CLANG_WARN_EMPTY_BODY = YES;
				CLANG_WARN_ENUM_CONVERSION = YES;
				CLANG_WARN_INFINITE_RECURSION = YES;
				CLANG_WARN_INT_CONVERSION = YES;
				CLANG_WARN_NON_LITERAL_NULL_CONVERSION = YES;
				CLANG_WARN_OBJC_IMPLICIT_RETAIN_SELF = YES;
				CLANG_WARN_OBJC_LITERAL_CONVERSION = YES;
				CLANG_WARN_OBJC_ROOT_CLASS = YES_ERROR;
				CLANG_WARN_RANGE_LOOP_ANALYSIS = YES;
				CLANG_WARN_STRICT_PROTOTYPES = YES;
				CLANG_WARN_SUSPICIOUS_MOVE = YES;
				CLANG_WARN_UNGUARDED_AVAILABILITY = YES_AGGRESSIVE;
				CLANG_WARN_UNREACHABLE_CODE = YES;
				CLANG_WARN__DUPLICATE_METHOD_MATCH = YES;
				COPY_PHASE_STRIP = NO;
				DEBUG_INFORMATION_FORMAT = dwarf;
				ENABLE_STRICT_OBJC_MSGSEND = YES;
				ENABLE_TESTABILITY = YES;
				GCC_C_LANGUAGE_STANDARD = gnu11;
				GCC_DYNAMIC_NO_PIC = NO;
				GCC_NO_COMMON_BLOCKS = YES;
				GCC_OPTIMIZATION_LEVEL = 0;
				GCC_PREPROCESSOR_DEFINITIONS = (
					"DEBUG=1",
					"$(inherited)",
				);
				GCC_WARN_64_TO_32_BIT_CONVERSION = YES;
				GCC_WARN_ABOUT_RETURN_TYPE = YES_ERROR;
				GCC_WARN_UNDECLARED_SELECTOR = YES;
				GCC_WARN_UNINITIALIZED_AUTOS = YES_AGGRESSIVE;
				GCC_WARN_UNUSED_FUNCTION = YES;
				GCC_WARN_UNUSED_VARIABLE = YES;
				IPHONEOS_DEPLOYMENT_TARGET = 13.2;
				MTL_ENABLE_DEBUG_INFO = INCLUDE_SOURCE;
				MTL_FAST_MATH = YES;
				ONLY_ACTIVE_ARCH = YES;
				SDKROOT = iphoneos;
				SWIFT_ACTIVE_COMPILATION_CONDITIONS = DEBUG;
				SWIFT_OPTIMIZATION_LEVEL = "-Onone";
			};
			name = Debug;
		};
		56B9E43623F371470085A56C /* Release */ = {
			isa = XCBuildConfiguration;
			buildSettings = {
				ALWAYS_SEARCH_USER_PATHS = NO;
				CLANG_ANALYZER_NONNULL = YES;
				CLANG_ANALYZER_NUMBER_OBJECT_CONVERSION = YES_AGGRESSIVE;
				CLANG_CXX_LANGUAGE_STANDARD = "gnu++14";
				CLANG_CXX_LIBRARY = "libc++";
				CLANG_ENABLE_MODULES = YES;
				CLANG_ENABLE_OBJC_ARC = YES;
				CLANG_ENABLE_OBJC_WEAK = YES;
				CLANG_WARN_BLOCK_CAPTURE_AUTORELEASING = YES;
				CLANG_WARN_BOOL_CONVERSION = YES;
				CLANG_WARN_COMMA = YES;
				CLANG_WARN_CONSTANT_CONVERSION = YES;
				CLANG_WARN_DEPRECATED_OBJC_IMPLEMENTATIONS = YES;
				CLANG_WARN_DIRECT_OBJC_ISA_USAGE = YES_ERROR;
				CLANG_WARN_DOCUMENTATION_COMMENTS = YES;
				CLANG_WARN_EMPTY_BODY = YES;
				CLANG_WARN_ENUM_CONVERSION = YES;
				CLANG_WARN_INFINITE_RECURSION = YES;
				CLANG_WARN_INT_CONVERSION = YES;
				CLANG_WARN_NON_LITERAL_NULL_CONVERSION = YES;
				CLANG_WARN_OBJC_IMPLICIT_RETAIN_SELF = YES;
				CLANG_WARN_OBJC_LITERAL_CONVERSION = YES;
				CLANG_WARN_OBJC_ROOT_CLASS = YES_ERROR;
				CLANG_WARN_RANGE_LOOP_ANALYSIS = YES;
				CLANG_WARN_STRICT_PROTOTYPES = YES;
				CLANG_WARN_SUSPICIOUS_MOVE = YES;
				CLANG_WARN_UNGUARDED_AVAILABILITY = YES_AGGRESSIVE;
				CLANG_WARN_UNREACHABLE_CODE = YES;
				CLANG_WARN__DUPLICATE_METHOD_MATCH = YES;
				COPY_PHASE_STRIP = NO;
				DEBUG_INFORMATION_FORMAT = "dwarf-with-dsym";
				ENABLE_NS_ASSERTIONS = NO;
				ENABLE_STRICT_OBJC_MSGSEND = YES;
				GCC_C_LANGUAGE_STANDARD = gnu11;
				GCC_NO_COMMON_BLOCKS = YES;
				GCC_WARN_64_TO_32_BIT_CONVERSION = YES;
				GCC_WARN_ABOUT_RETURN_TYPE = YES_ERROR;
				GCC_WARN_UNDECLARED_SELECTOR = YES;
				GCC_WARN_UNINITIALIZED_AUTOS = YES_AGGRESSIVE;
				GCC_WARN_UNUSED_FUNCTION = YES;
				GCC_WARN_UNUSED_VARIABLE = YES;
				IPHONEOS_DEPLOYMENT_TARGET = 13.2;
				MTL_ENABLE_DEBUG_INFO = NO;
				MTL_FAST_MATH = YES;
				SDKROOT = iphoneos;
				SWIFT_COMPILATION_MODE = wholemodule;
				SWIFT_OPTIMIZATION_LEVEL = "-O";
				VALIDATE_PRODUCT = YES;
			};
			name = Release;
		};
		56B9E43823F371470085A56C /* Debug */ = {
			isa = XCBuildConfiguration;
			buildSettings = {
				ASSETCATALOG_COMPILER_APPICON_NAME = AppIcon;
				CODE_SIGN_STYLE = Automatic;
				DEVELOPMENT_TEAM = B99BQU96NT;
				INFOPLIST_FILE = collectionViewPOC/Info.plist;
				LD_RUNPATH_SEARCH_PATHS = (
					"$(inherited)",
					"@executable_path/Frameworks",
				);
				PRODUCT_BUNDLE_IDENTIFIER = nz.co.collectionViewPOC;
				PRODUCT_NAME = "$(TARGET_NAME)";
				SWIFT_VERSION = 5.0;
				TARGETED_DEVICE_FAMILY = "1,2";
			};
			name = Debug;
		};
		56B9E43923F371470085A56C /* Release */ = {
			isa = XCBuildConfiguration;
			buildSettings = {
				ASSETCATALOG_COMPILER_APPICON_NAME = AppIcon;
				CODE_SIGN_STYLE = Automatic;
				DEVELOPMENT_TEAM = B99BQU96NT;
				INFOPLIST_FILE = collectionViewPOC/Info.plist;
				LD_RUNPATH_SEARCH_PATHS = (
					"$(inherited)",
					"@executable_path/Frameworks",
				);
				PRODUCT_BUNDLE_IDENTIFIER = nz.co.collectionViewPOC;
				PRODUCT_NAME = "$(TARGET_NAME)";
				SWIFT_VERSION = 5.0;
				TARGETED_DEVICE_FAMILY = "1,2";
			};
			name = Release;
		};
		56B9E43B23F371470085A56C /* Debug */ = {
			isa = XCBuildConfiguration;
			buildSettings = {
				ALWAYS_EMBED_SWIFT_STANDARD_LIBRARIES = YES;
				BUNDLE_LOADER = "$(TEST_HOST)";
				CODE_SIGN_STYLE = Automatic;
				DEVELOPMENT_TEAM = B99BQU96NT;
				INFOPLIST_FILE = collectionViewPOCTests/Info.plist;
				IPHONEOS_DEPLOYMENT_TARGET = 13.2;
				LD_RUNPATH_SEARCH_PATHS = (
					"$(inherited)",
					"@executable_path/Frameworks",
					"@loader_path/Frameworks",
				);
				PRODUCT_BUNDLE_IDENTIFIER = nz.co.collectionViewPOCTests;
				PRODUCT_NAME = "$(TARGET_NAME)";
				SWIFT_VERSION = 5.0;
				TARGETED_DEVICE_FAMILY = "1,2";
				TEST_HOST = "$(BUILT_PRODUCTS_DIR)/collectionViewPOC.app/collectionViewPOC";
			};
			name = Debug;
		};
		56B9E43C23F371470085A56C /* Release */ = {
			isa = XCBuildConfiguration;
			buildSettings = {
				ALWAYS_EMBED_SWIFT_STANDARD_LIBRARIES = YES;
				BUNDLE_LOADER = "$(TEST_HOST)";
				CODE_SIGN_STYLE = Automatic;
				DEVELOPMENT_TEAM = B99BQU96NT;
				INFOPLIST_FILE = collectionViewPOCTests/Info.plist;
				IPHONEOS_DEPLOYMENT_TARGET = 13.2;
				LD_RUNPATH_SEARCH_PATHS = (
					"$(inherited)",
					"@executable_path/Frameworks",
					"@loader_path/Frameworks",
				);
				PRODUCT_BUNDLE_IDENTIFIER = nz.co.collectionViewPOCTests;
				PRODUCT_NAME = "$(TARGET_NAME)";
				SWIFT_VERSION = 5.0;
				TARGETED_DEVICE_FAMILY = "1,2";
				TEST_HOST = "$(BUILT_PRODUCTS_DIR)/collectionViewPOC.app/collectionViewPOC";
			};
			name = Release;
		};
/* End XCBuildConfiguration section */

/* Begin XCConfigurationList section */
		56B9E41323F371440085A56C /* Build configuration list for PBXProject "collectionViewPOC" */ = {
			isa = XCConfigurationList;
			buildConfigurations = (
				56B9E43523F371470085A56C /* Debug */,
				56B9E43623F371470085A56C /* Release */,
			);
			defaultConfigurationIsVisible = 0;
			defaultConfigurationName = Release;
		};
		56B9E43723F371470085A56C /* Build configuration list for PBXNativeTarget "collectionViewPOC" */ = {
			isa = XCConfigurationList;
			buildConfigurations = (
				56B9E43823F371470085A56C /* Debug */,
				56B9E43923F371470085A56C /* Release */,
			);
			defaultConfigurationIsVisible = 0;
			defaultConfigurationName = Release;
		};
		56B9E43A23F371470085A56C /* Build configuration list for PBXNativeTarget "collectionViewPOCTests" */ = {
			isa = XCConfigurationList;
			buildConfigurations = (
				56B9E43B23F371470085A56C /* Debug */,
				56B9E43C23F371470085A56C /* Release */,
			);
			defaultConfigurationIsVisible = 0;
			defaultConfigurationName = Release;
		};
/* End XCConfigurationList section */
	};
	rootObject = 56B9E41023F371440085A56C /* Project object */;
}
